
Microsoft Visual Studio Solution File, Format Version 12.00
# Visual Studio Version 17
VisualStudioVersion = 17.8.34511.84
MinimumVisualStudioVersion = 10.0.40219.1
Project("{9A19103F-16F7-4668-BE54-9A1E7A4F7556}") = "HelloWorld", "HelloWorld\HelloWorld.csproj", "{6D4BA7B0-B0DB-45B4-B99E-7765441B39FC}"
EndProject
Project("{9A19103F-16F7-4668-BE54-9A1E7A4F7556}") = "CriandoClasse", "CriandoClasse\CriandoClasse.csproj", "{1C6E73C9-56A0-4CAA-B1A8-4743C35553A9}"
EndProject
Project("{9A19103F-16F7-4668-BE54-9A1E7A4F7556}") = "ManipulandoVariaveis", "ManipulandoVariaveis\ManipulandoVariaveis.csproj", "{AB09935D-1053-49A6-A479-9B57C0E8C546}"
EndProject
Project("{9A19103F-16F7-4668-BE54-9A1E7A4F7556}") = "Data", "Data\Data.csproj", "{CEAB8403-F611-4862-987D-157333C39828}"
EndProject
Project("{9A19103F-16F7-4668-BE54-9A1E7A4F7556}") = "Atribuicao", "Atribuicao\Atribuicao.csproj", "{2DAE41EE-6B92-4C00-9722-695C39A85311}"
EndProject
Project("{9A19103F-16F7-4668-BE54-9A1E7A4F7556}") = "ConvertendoTipos", "ConvertendoTipos\ConvertendoTipos.csproj", "{80CD7F4F-CAA9-46EA-9D0D-242C5F7F5ACB}"
EndProject
Project("{9A19103F-16F7-4668-BE54-9A1E7A4F7556}") = "OrdemDosOperadores", "OrdemDosOperadores\OrdemDosOperadores.csproj", "{B90C6FE9-F1A2-4044-BEA9-53B441A89479}"
EndProject
Project("{9A19103F-16F7-4668-BE54-9A1E7A4F7556}") = "Condicionais", "Condicionais\Condicionais.csproj", "{BA386754-5C5F-4915-9EB6-5B12AF4137B7}"
EndProject
Project("{9A19103F-16F7-4668-BE54-9A1E7A4F7556}") = "OperadoresLogicos", "OperadoresLogicos\OperadoresLogicos.csproj", "{A31DE5CA-094C-4BB7-991F-0E58313FD3C6}"
EndProject
Project("{9A19103F-16F7-4668-BE54-9A1E7A4F7556}") = "OperadoresAritmeticos", "OperadoresAritmeticos\OperadoresAritmeticos.csproj", "{952942E7-9207-4FB8-A705-8261443850BF}"
EndProject
Project("{9A19103F-16F7-4668-BE54-9A1E7A4F7556}") = "EstruturasDeRepeticao", "EstruturasDeRepeticao\EstruturasDeRepeticao.csproj", "{9D56D48B-D121-48B9-893C-B615B6C5E79D}"
EndProject
Project("{9A19103F-16F7-4668-BE54-9A1E7A4F7556}") = "MenuInterativo", "MenuInterativo\MenuInterativo.csproj", "{4AD9EE6B-5F3E-4B60-8035-4C8FFF3ECD61}"
EndProject
Project("{2150E333-8FDC-42A3-9474-1A3956D46DE8}") = "Fundamentos .NET", "Fundamentos .NET", "{F3EF9940-07CB-4EB1-8C0C-E40D3A100E62}"
EndProject
Project("{9A19103F-16F7-4668-BE54-9A1E7A4F7556}") = "ArrayDeInteiros", "ArrayDeInteiros\ArrayDeInteiros.csproj", "{F1CF6FB0-E2CE-4DD2-B1DB-EEEE69866ACB}"
EndProject
Project("{9A19103F-16F7-4668-BE54-9A1E7A4F7556}") = "Listas", "Listas\Listas.csproj", "{D92D48B9-4F98-4A62-AD1B-010FDEE57CCD}"
EndProject
Project("{9A19103F-16F7-4668-BE54-9A1E7A4F7556}") = "Estacionamento", "Estacionamento\Estacionamento.csproj", "{97C233B9-9139-438A-8B1E-B4EB8663BBFD}"
EndProject
Project("{2150E333-8FDC-42A3-9474-1A3956D46DE8}") = "Explorando a linguagem", "Explorando a linguagem", "{4938BF60-474A-4543-90E6-0C277F00C872}"
EndProject
Project("{9A19103F-16F7-4668-BE54-9A1E7A4F7556}") = "Propiedades", "Propiedades\Propiedades.csproj", "{1E169A21-ED75-4B7A-B3C4-F806FC78AB83}"
EndProject
Project("{FAE04EC0-301F-11D3-BF4B-00C04F79EFBC}") = "ConcatenacaoDeValores", "ConcatenacaoDeValores\ConcatenacaoDeValores.csproj", "{19F485EA-2612-4AAF-8C04-2BE12EF7FE69}"
EndProject
Global
	GlobalSection(SolutionConfigurationPlatforms) = preSolution
		Debug|Any CPU = Debug|Any CPU
		Release|Any CPU = Release|Any CPU
	EndGlobalSection
	GlobalSection(ProjectConfigurationPlatforms) = postSolution
		{6D4BA7B0-B0DB-45B4-B99E-7765441B39FC}.Debug|Any CPU.ActiveCfg = Debug|Any CPU
		{6D4BA7B0-B0DB-45B4-B99E-7765441B39FC}.Debug|Any CPU.Build.0 = Debug|Any CPU
		{6D4BA7B0-B0DB-45B4-B99E-7765441B39FC}.Release|Any CPU.ActiveCfg = Release|Any CPU
		{6D4BA7B0-B0DB-45B4-B99E-7765441B39FC}.Release|Any CPU.Build.0 = Release|Any CPU
		{1C6E73C9-56A0-4CAA-B1A8-4743C35553A9}.Debug|Any CPU.ActiveCfg = Debug|Any CPU
		{1C6E73C9-56A0-4CAA-B1A8-4743C35553A9}.Debug|Any CPU.Build.0 = Debug|Any CPU
		{1C6E73C9-56A0-4CAA-B1A8-4743C35553A9}.Release|Any CPU.ActiveCfg = Release|Any CPU
		{1C6E73C9-56A0-4CAA-B1A8-4743C35553A9}.Release|Any CPU.Build.0 = Release|Any CPU
		{AB09935D-1053-49A6-A479-9B57C0E8C546}.Debug|Any CPU.ActiveCfg = Debug|Any CPU
		{AB09935D-1053-49A6-A479-9B57C0E8C546}.Debug|Any CPU.Build.0 = Debug|Any CPU
		{AB09935D-1053-49A6-A479-9B57C0E8C546}.Release|Any CPU.ActiveCfg = Release|Any CPU
		{AB09935D-1053-49A6-A479-9B57C0E8C546}.Release|Any CPU.Build.0 = Release|Any CPU
		{CEAB8403-F611-4862-987D-157333C39828}.Debug|Any CPU.ActiveCfg = Debug|Any CPU
		{CEAB8403-F611-4862-987D-157333C39828}.Debug|Any CPU.Build.0 = Debug|Any CPU
		{CEAB8403-F611-4862-987D-157333C39828}.Release|Any CPU.ActiveCfg = Release|Any CPU
		{CEAB8403-F611-4862-987D-157333C39828}.Release|Any CPU.Build.0 = Release|Any CPU
		{2DAE41EE-6B92-4C00-9722-695C39A85311}.Debug|Any CPU.ActiveCfg = Debug|Any CPU
		{2DAE41EE-6B92-4C00-9722-695C39A85311}.Debug|Any CPU.Build.0 = Debug|Any CPU
		{2DAE41EE-6B92-4C00-9722-695C39A85311}.Release|Any CPU.ActiveCfg = Release|Any CPU
		{2DAE41EE-6B92-4C00-9722-695C39A85311}.Release|Any CPU.Build.0 = Release|Any CPU
		{80CD7F4F-CAA9-46EA-9D0D-242C5F7F5ACB}.Debug|Any CPU.ActiveCfg = Debug|Any CPU
		{80CD7F4F-CAA9-46EA-9D0D-242C5F7F5ACB}.Debug|Any CPU.Build.0 = Debug|Any CPU
		{80CD7F4F-CAA9-46EA-9D0D-242C5F7F5ACB}.Release|Any CPU.ActiveCfg = Release|Any CPU
		{80CD7F4F-CAA9-46EA-9D0D-242C5F7F5ACB}.Release|Any CPU.Build.0 = Release|Any CPU
		{B90C6FE9-F1A2-4044-BEA9-53B441A89479}.Debug|Any CPU.ActiveCfg = Debug|Any CPU
		{B90C6FE9-F1A2-4044-BEA9-53B441A89479}.Debug|Any CPU.Build.0 = Debug|Any CPU
		{B90C6FE9-F1A2-4044-BEA9-53B441A89479}.Release|Any CPU.ActiveCfg = Release|Any CPU
		{B90C6FE9-F1A2-4044-BEA9-53B441A89479}.Release|Any CPU.Build.0 = Release|Any CPU
		{BA386754-5C5F-4915-9EB6-5B12AF4137B7}.Debug|Any CPU.ActiveCfg = Debug|Any CPU
		{BA386754-5C5F-4915-9EB6-5B12AF4137B7}.Debug|Any CPU.Build.0 = Debug|Any CPU
		{BA386754-5C5F-4915-9EB6-5B12AF4137B7}.Release|Any CPU.ActiveCfg = Release|Any CPU
		{BA386754-5C5F-4915-9EB6-5B12AF4137B7}.Release|Any CPU.Build.0 = Release|Any CPU
		{A31DE5CA-094C-4BB7-991F-0E58313FD3C6}.Debug|Any CPU.ActiveCfg = Debug|Any CPU
		{A31DE5CA-094C-4BB7-991F-0E58313FD3C6}.Debug|Any CPU.Build.0 = Debug|Any CPU
		{A31DE5CA-094C-4BB7-991F-0E58313FD3C6}.Release|Any CPU.ActiveCfg = Release|Any CPU
		{A31DE5CA-094C-4BB7-991F-0E58313FD3C6}.Release|Any CPU.Build.0 = Release|Any CPU
		{952942E7-9207-4FB8-A705-8261443850BF}.Debug|Any CPU.ActiveCfg = Debug|Any CPU
		{952942E7-9207-4FB8-A705-8261443850BF}.Debug|Any CPU.Build.0 = Debug|Any CPU
		{952942E7-9207-4FB8-A705-8261443850BF}.Release|Any CPU.ActiveCfg = Release|Any CPU
		{952942E7-9207-4FB8-A705-8261443850BF}.Release|Any CPU.Build.0 = Release|Any CPU
		{9D56D48B-D121-48B9-893C-B615B6C5E79D}.Debug|Any CPU.ActiveCfg = Debug|Any CPU
		{9D56D48B-D121-48B9-893C-B615B6C5E79D}.Debug|Any CPU.Build.0 = Debug|Any CPU
		{9D56D48B-D121-48B9-893C-B615B6C5E79D}.Release|Any CPU.ActiveCfg = Release|Any CPU
		{9D56D48B-D121-48B9-893C-B615B6C5E79D}.Release|Any CPU.Build.0 = Release|Any CPU
		{4AD9EE6B-5F3E-4B60-8035-4C8FFF3ECD61}.Debug|Any CPU.ActiveCfg = Debug|Any CPU
		{4AD9EE6B-5F3E-4B60-8035-4C8FFF3ECD61}.Debug|Any CPU.Build.0 = Debug|Any CPU
		{4AD9EE6B-5F3E-4B60-8035-4C8FFF3ECD61}.Release|Any CPU.ActiveCfg = Release|Any CPU
		{4AD9EE6B-5F3E-4B60-8035-4C8FFF3ECD61}.Release|Any CPU.Build.0 = Release|Any CPU
		{F1CF6FB0-E2CE-4DD2-B1DB-EEEE69866ACB}.Debug|Any CPU.ActiveCfg = Debug|Any CPU
		{F1CF6FB0-E2CE-4DD2-B1DB-EEEE69866ACB}.Debug|Any CPU.Build.0 = Debug|Any CPU
		{F1CF6FB0-E2CE-4DD2-B1DB-EEEE69866ACB}.Release|Any CPU.ActiveCfg = Release|Any CPU
		{F1CF6FB0-E2CE-4DD2-B1DB-EEEE69866ACB}.Release|Any CPU.Build.0 = Release|Any CPU
		{D92D48B9-4F98-4A62-AD1B-010FDEE57CCD}.Debug|Any CPU.ActiveCfg = Debug|Any CPU
		{D92D48B9-4F98-4A62-AD1B-010FDEE57CCD}.Debug|Any CPU.Build.0 = Debug|Any CPU
		{D92D48B9-4F98-4A62-AD1B-010FDEE57CCD}.Release|Any CPU.ActiveCfg = Release|Any CPU
		{D92D48B9-4F98-4A62-AD1B-010FDEE57CCD}.Release|Any CPU.Build.0 = Release|Any CPU
		{97C233B9-9139-438A-8B1E-B4EB8663BBFD}.Debug|Any CPU.ActiveCfg = Debug|Any CPU
		{97C233B9-9139-438A-8B1E-B4EB8663BBFD}.Debug|Any CPU.Build.0 = Debug|Any CPU
		{97C233B9-9139-438A-8B1E-B4EB8663BBFD}.Release|Any CPU.ActiveCfg = Release|Any CPU
		{97C233B9-9139-438A-8B1E-B4EB8663BBFD}.Release|Any CPU.Build.0 = Release|Any CPU
		{1E169A21-ED75-4B7A-B3C4-F806FC78AB83}.Debug|Any CPU.ActiveCfg = Debug|Any CPU
		{1E169A21-ED75-4B7A-B3C4-F806FC78AB83}.Debug|Any CPU.Build.0 = Debug|Any CPU
		{1E169A21-ED75-4B7A-B3C4-F806FC78AB83}.Release|Any CPU.ActiveCfg = Release|Any CPU
		{1E169A21-ED75-4B7A-B3C4-F806FC78AB83}.Release|Any CPU.Build.0 = Release|Any CPU
		{19F485EA-2612-4AAF-8C04-2BE12EF7FE69}.Debug|Any CPU.ActiveCfg = Debug|Any CPU
		{19F485EA-2612-4AAF-8C04-2BE12EF7FE69}.Debug|Any CPU.Build.0 = Debug|Any CPU
		{19F485EA-2612-4AAF-8C04-2BE12EF7FE69}.Release|Any CPU.ActiveCfg = Release|Any CPU
		{19F485EA-2612-4AAF-8C04-2BE12EF7FE69}.Release|Any CPU.Build.0 = Release|Any CPU
	EndGlobalSection
	GlobalSection(SolutionProperties) = preSolution
		HideSolutionNode = FALSE
	EndGlobalSection
	GlobalSection(NestedProjects) = preSolution
		{6D4BA7B0-B0DB-45B4-B99E-7765441B39FC} = {F3EF9940-07CB-4EB1-8C0C-E40D3A100E62}
		{1C6E73C9-56A0-4CAA-B1A8-4743C35553A9} = {F3EF9940-07CB-4EB1-8C0C-E40D3A100E62}
		{AB09935D-1053-49A6-A479-9B57C0E8C546} = {F3EF9940-07CB-4EB1-8C0C-E40D3A100E62}
		{CEAB8403-F611-4862-987D-157333C39828} = {F3EF9940-07CB-4EB1-8C0C-E40D3A100E62}
		{2DAE41EE-6B92-4C00-9722-695C39A85311} = {F3EF9940-07CB-4EB1-8C0C-E40D3A100E62}
		{80CD7F4F-CAA9-46EA-9D0D-242C5F7F5ACB} = {F3EF9940-07CB-4EB1-8C0C-E40D3A100E62}
		{B90C6FE9-F1A2-4044-BEA9-53B441A89479} = {F3EF9940-07CB-4EB1-8C0C-E40D3A100E62}
		{BA386754-5C5F-4915-9EB6-5B12AF4137B7} = {F3EF9940-07CB-4EB1-8C0C-E40D3A100E62}
		{A31DE5CA-094C-4BB7-991F-0E58313FD3C6} = {F3EF9940-07CB-4EB1-8C0C-E40D3A100E62}
		{952942E7-9207-4FB8-A705-8261443850BF} = {F3EF9940-07CB-4EB1-8C0C-E40D3A100E62}
		{9D56D48B-D121-48B9-893C-B615B6C5E79D} = {F3EF9940-07CB-4EB1-8C0C-E40D3A100E62}
		{4AD9EE6B-5F3E-4B60-8035-4C8FFF3ECD61} = {F3EF9940-07CB-4EB1-8C0C-E40D3A100E62}
		{F1CF6FB0-E2CE-4DD2-B1DB-EEEE69866ACB} = {F3EF9940-07CB-4EB1-8C0C-E40D3A100E62}
		{D92D48B9-4F98-4A62-AD1B-010FDEE57CCD} = {F3EF9940-07CB-4EB1-8C0C-E40D3A100E62}
		{97C233B9-9139-438A-8B1E-B4EB8663BBFD} = {F3EF9940-07CB-4EB1-8C0C-E40D3A100E62}
		{1E169A21-ED75-4B7A-B3C4-F806FC78AB83} = {4938BF60-474A-4543-90E6-0C277F00C872}
		{19F485EA-2612-4AAF-8C04-2BE12EF7FE69} = {4938BF60-474A-4543-90E6-0C277F00C872}
	EndGlobalSection
	GlobalSection(ExtensibilityGlobals) = postSolution
		SolutionGuid = {E036F278-9E21-4A2F-8239-A1781FAFA072}
	EndGlobalSection
EndGlobal
